
Microsoft Visual Studio Solution File, Format Version 12.00
# Visual Studio Version 16
VisualStudioVersion = 16.0.34601.136
MinimumVisualStudioVersion = 10.0.40219.1
Project("{FAE04EC0-301F-11D3-BF4B-00C04F79EFBC}") = "Calculator", "Calculator.csproj", "{26602552-5B3D-4DF8-935D-D2BDC905C4EC}"
EndProject
Global
	GlobalSection(SolutionConfigurationPlatforms) = preSolution
		Debug|Any CPU = Debug|Any CPU
		Release|Any CPU = Release|Any CPU
	EndGlobalSection
	GlobalSection(ProjectConfigurationPlatforms) = postSolution
		{26602552-5B3D-4DF8-935D-D2BDC905C4EC}.Debug|Any CPU.ActiveCfg = Debug|Any CPU
		{26602552-5B3D-4DF8-935D-D2BDC905C4EC}.Debug|Any CPU.Build.0 = Debug|Any CPU
		{26602552-5B3D-4DF8-935D-D2BDC905C4EC}.Release|Any CPU.ActiveCfg = Release|Any CPU
		{26602552-5B3D-4DF8-935D-D2BDC905C4EC}.Release|Any CPU.Build.0 = Release|Any CPU
	EndGlobalSection
	GlobalSection(SolutionProperties) = preSolution
		HideSolutionNode = FALSE
	EndGlobalSection
	GlobalSection(ExtensibilityGlobals) = postSolution
		SolutionGuid = {6655BA4B-BA30-4F4C-8B6D-E5DFA5007697}
	EndGlobalSection
EndGlobal
